
Microsoft Visual Studio Solution File, Format Version 12.00
# Visual Studio Version 17
VisualStudioVersion = 17.8.34330.188
MinimumVisualStudioVersion = 10.0.40219.1
Project("{9A19103F-16F7-4668-BE54-9A1E7A4F7556}") = "E-Commerce", "E-Commerce\E-Commerce.csproj", "{4917859F-2C35-4CD4-A777-4CC3293F312F}"
EndProject
Project("{FAE04EC0-301F-11D3-BF4B-00C04F79EFBC}") = "E-Commerce.DataAccess", "E-Commerce.DataAccess\E-Commerce.DataAccess.csproj", "{6B651439-79CE-4C69-B5D7-89CA2A075452}"
EndProject
Project("{FAE04EC0-301F-11D3-BF4B-00C04F79EFBC}") = "E-Commerce.Models", "E-Commerce.Models\E-Commerce.Models.csproj", "{8483849A-945D-4453-AE75-8FA797ADB685}"
EndProject
Project("{FAE04EC0-301F-11D3-BF4B-00C04F79EFBC}") = "E-Commerce.Utility", "E-Commerce.Utility\E-Commerce.Utility.csproj", "{DDABACE4-E07D-49A6-BF0B-C7707CF15FF9}"
EndProject
Global
	GlobalSection(SolutionConfigurationPlatforms) = preSolution
		Debug|Any CPU = Debug|Any CPU
		Release|Any CPU = Release|Any CPU
	EndGlobalSection
	GlobalSection(ProjectConfigurationPlatforms) = postSolution
		{4917859F-2C35-4CD4-A777-4CC3293F312F}.Debug|Any CPU.ActiveCfg = Debug|Any CPU
		{4917859F-2C35-4CD4-A777-4CC3293F312F}.Debug|Any CPU.Build.0 = Debug|Any CPU
		{4917859F-2C35-4CD4-A777-4CC3293F312F}.Release|Any CPU.ActiveCfg = Release|Any CPU
		{4917859F-2C35-4CD4-A777-4CC3293F312F}.Release|Any CPU.Build.0 = Release|Any CPU
		{6B651439-79CE-4C69-B5D7-89CA2A075452}.Debug|Any CPU.ActiveCfg = Debug|Any CPU
		{6B651439-79CE-4C69-B5D7-89CA2A075452}.Debug|Any CPU.Build.0 = Debug|Any CPU
		{6B651439-79CE-4C69-B5D7-89CA2A075452}.Release|Any CPU.ActiveCfg = Release|Any CPU
		{6B651439-79CE-4C69-B5D7-89CA2A075452}.Release|Any CPU.Build.0 = Release|Any CPU
		{8483849A-945D-4453-AE75-8FA797ADB685}.Debug|Any CPU.ActiveCfg = Debug|Any CPU
		{8483849A-945D-4453-AE75-8FA797ADB685}.Debug|Any CPU.Build.0 = Debug|Any CPU
		{8483849A-945D-4453-AE75-8FA797ADB685}.Release|Any CPU.ActiveCfg = Release|Any CPU
		{8483849A-945D-4453-AE75-8FA797ADB685}.Release|Any CPU.Build.0 = Release|Any CPU
		{DDABACE4-E07D-49A6-BF0B-C7707CF15FF9}.Debug|Any CPU.ActiveCfg = Debug|Any CPU
		{DDABACE4-E07D-49A6-BF0B-C7707CF15FF9}.Debug|Any CPU.Build.0 = Debug|Any CPU
		{DDABACE4-E07D-49A6-BF0B-C7707CF15FF9}.Release|Any CPU.ActiveCfg = Release|Any CPU
		{DDABACE4-E07D-49A6-BF0B-C7707CF15FF9}.Release|Any CPU.Build.0 = Release|Any CPU
	EndGlobalSection
	GlobalSection(SolutionProperties) = preSolution
		HideSolutionNode = FALSE
	EndGlobalSection
	GlobalSection(ExtensibilityGlobals) = postSolution
		SolutionGuid = {A7F55DFE-5CD7-41CD-AE28-EEAB8FC31A91}
	EndGlobalSection
EndGlobal
